// !$*UTF8*$!
{
	archiveVersion = 1;
	classes = {
	};
	objectVersion = 46;
	objects = {

/* Begin PBXBuildFile section */
		E9D2D24F1BDF2B9C005C0C0F /* main.m in Sources */ = {isa = PBXBuildFile; fileRef = E9D2D24E1BDF2B9C005C0C0F /* main.m */; };
		E9D2D2521BDF2B9C005C0C0F /* AppDelegate.m in Sources */ = {isa = PBXBuildFile; fileRef = E9D2D2511BDF2B9C005C0C0F /* AppDelegate.m */; };
		E9D2D2551BDF2B9C005C0C0F /* ViewController.m in Sources */ = {isa = PBXBuildFile; fileRef = E9D2D2541BDF2B9C005C0C0F /* ViewController.m */; };
		E9D2D2581BDF2B9C005C0C0F /* Main.storyboard in Resources */ = {isa = PBXBuildFile; fileRef = E9D2D2561BDF2B9C005C0C0F /* Main.storyboard */; };
		E9D2D25A1BDF2B9C005C0C0F /* Assets.xcassets in Resources */ = {isa = PBXBuildFile; fileRef = E9D2D2591BDF2B9C005C0C0F /* Assets.xcassets */; };
		E9D2D25D1BDF2B9C005C0C0F /* LaunchScreen.storyboard in Resources */ = {isa = PBXBuildFile; fileRef = E9D2D25B1BDF2B9C005C0C0F /* LaunchScreen.storyboard */; };
		E9D2D2681BDF2B9C005C0C0F /* HBNetwork_DemoTests.m in Sources */ = {isa = PBXBuildFile; fileRef = E9D2D2671BDF2B9C005C0C0F /* HBNetwork_DemoTests.m */; };
		E9D2D2751BDF413E005C0C0F /* HBNetworkConfig.m in Sources */ = {isa = PBXBuildFile; fileRef = E9D2D2741BDF413E005C0C0F /* HBNetworkConfig.m */; settings = {ASSET_TAGS = (); }; };
		E9D2D2781BDF45F3005C0C0F /* HBNetworkQueue.m in Sources */ = {isa = PBXBuildFile; fileRef = E9D2D2771BDF45F3005C0C0F /* HBNetworkQueue.m */; settings = {ASSET_TAGS = (); }; };
		E9D2D27B1BDF462A005C0C0F /* HBNetworkRequest.m in Sources */ = {isa = PBXBuildFile; fileRef = E9D2D27A1BDF462A005C0C0F /* HBNetworkRequest.m */; settings = {ASSET_TAGS = (); }; };
		E9D2D27E1BDF4649005C0C0F /* HBNetworkHelper.m in Sources */ = {isa = PBXBuildFile; fileRef = E9D2D27D1BDF4649005C0C0F /* HBNetworkHelper.m */; settings = {ASSET_TAGS = (); }; };
		E9D2D2811BDF4787005C0C0F /* HBNetworkResponse.m in Sources */ = {isa = PBXBuildFile; fileRef = E9D2D2801BDF4787005C0C0F /* HBNetworkResponse.m */; settings = {ASSET_TAGS = (); }; };
		E9D2D2841BDF4884005C0C0F /* NSData+HBNetwork.m in Sources */ = {isa = PBXBuildFile; fileRef = E9D2D2831BDF4884005C0C0F /* NSData+HBNetwork.m */; settings = {ASSET_TAGS = (); }; };
		E9D2D2871BDF48EB005C0C0F /* NSObject+HBNetwork.m in Sources */ = {isa = PBXBuildFile; fileRef = E9D2D2861BDF48EB005C0C0F /* NSObject+HBNetwork.m */; settings = {ASSET_TAGS = (); }; };
		E9D2D28A1BDF4901005C0C0F /* NSString+NBNetwork.m in Sources */ = {isa = PBXBuildFile; fileRef = E9D2D2891BDF4901005C0C0F /* NSString+NBNetwork.m */; settings = {ASSET_TAGS = (); }; };
		E9D2D28D1BDF4A11005C0C0F /* UIApplication+HBNetwork.m in Sources */ = {isa = PBXBuildFile; fileRef = E9D2D28C1BDF4A11005C0C0F /* UIApplication+HBNetwork.m */; settings = {ASSET_TAGS = (); }; };
		E9D2D2A21BDF4A3E005C0C0F /* AFHTTPRequestOperation.m in Sources */ = {isa = PBXBuildFile; fileRef = E9D2D2901BDF4A3E005C0C0F /* AFHTTPRequestOperation.m */; settings = {ASSET_TAGS = (); }; };
		E9D2D2A31BDF4A3E005C0C0F /* AFHTTPRequestOperationManager.m in Sources */ = {isa = PBXBuildFile; fileRef = E9D2D2921BDF4A3E005C0C0F /* AFHTTPRequestOperationManager.m */; settings = {ASSET_TAGS = (); }; };
		E9D2D2A41BDF4A3E005C0C0F /* AFHTTPSessionManager.m in Sources */ = {isa = PBXBuildFile; fileRef = E9D2D2941BDF4A3E005C0C0F /* AFHTTPSessionManager.m */; settings = {ASSET_TAGS = (); }; };
		E9D2D2A51BDF4A3E005C0C0F /* AFNetworkReachabilityManager.m in Sources */ = {isa = PBXBuildFile; fileRef = E9D2D2971BDF4A3E005C0C0F /* AFNetworkReachabilityManager.m */; settings = {ASSET_TAGS = (); }; };
		E9D2D2A61BDF4A3E005C0C0F /* AFSecurityPolicy.m in Sources */ = {isa = PBXBuildFile; fileRef = E9D2D2991BDF4A3E005C0C0F /* AFSecurityPolicy.m */; settings = {ASSET_TAGS = (); }; };
		E9D2D2A71BDF4A3E005C0C0F /* AFURLConnectionOperation.m in Sources */ = {isa = PBXBuildFile; fileRef = E9D2D29B1BDF4A3E005C0C0F /* AFURLConnectionOperation.m */; settings = {ASSET_TAGS = (); }; };
		E9D2D2A81BDF4A3E005C0C0F /* AFURLRequestSerialization.m in Sources */ = {isa = PBXBuildFile; fileRef = E9D2D29D1BDF4A3E005C0C0F /* AFURLRequestSerialization.m */; settings = {ASSET_TAGS = (); }; };
		E9D2D2A91BDF4A3E005C0C0F /* AFURLResponseSerialization.m in Sources */ = {isa = PBXBuildFile; fileRef = E9D2D29F1BDF4A3E005C0C0F /* AFURLResponseSerialization.m */; settings = {ASSET_TAGS = (); }; };
		E9D2D2AA1BDF4A3E005C0C0F /* AFURLSessionManager.m in Sources */ = {isa = PBXBuildFile; fileRef = E9D2D2A11BDF4A3E005C0C0F /* AFURLSessionManager.m */; settings = {ASSET_TAGS = (); }; };
/* End PBXBuildFile section */

/* Begin PBXContainerItemProxy section */
		E9D2D2641BDF2B9C005C0C0F /* PBXContainerItemProxy */ = {
			isa = PBXContainerItemProxy;
			containerPortal = E9D2D2421BDF2B9C005C0C0F /* Project object */;
			proxyType = 1;
			remoteGlobalIDString = E9D2D2491BDF2B9C005C0C0F;
			remoteInfo = HBNetwork_Demo;
		};
/* End PBXContainerItemProxy section */

/* Begin PBXFileReference section */
		E9D2D24A1BDF2B9C005C0C0F /* HBNetwork_Demo.app */ = {isa = PBXFileReference; explicitFileType = wrapper.application; includeInIndex = 0; path = HBNetwork_Demo.app; sourceTree = BUILT_PRODUCTS_DIR; };
		E9D2D24E1BDF2B9C005C0C0F /* main.m */ = {isa = PBXFileReference; lastKnownFileType = sourcecode.c.objc; path = main.m; sourceTree = "<group>"; };
		E9D2D2501BDF2B9C005C0C0F /* AppDelegate.h */ = {isa = PBXFileReference; lastKnownFileType = sourcecode.c.h; path = AppDelegate.h; sourceTree = "<group>"; };
		E9D2D2511BDF2B9C005C0C0F /* AppDelegate.m */ = {isa = PBXFileReference; lastKnownFileType = sourcecode.c.objc; path = AppDelegate.m; sourceTree = "<group>"; };
		E9D2D2531BDF2B9C005C0C0F /* ViewController.h */ = {isa = PBXFileReference; lastKnownFileType = sourcecode.c.h; path = ViewController.h; sourceTree = "<group>"; };
		E9D2D2541BDF2B9C005C0C0F /* ViewController.m */ = {isa = PBXFileReference; lastKnownFileType = sourcecode.c.objc; path = ViewController.m; sourceTree = "<group>"; };
		E9D2D2571BDF2B9C005C0C0F /* Base */ = {isa = PBXFileReference; lastKnownFileType = file.storyboard; name = Base; path = Base.lproj/Main.storyboard; sourceTree = "<group>"; };
		E9D2D2591BDF2B9C005C0C0F /* Assets.xcassets */ = {isa = PBXFileReference; lastKnownFileType = folder.assetcatalog; path = Assets.xcassets; sourceTree = "<group>"; };
		E9D2D25C1BDF2B9C005C0C0F /* Base */ = {isa = PBXFileReference; lastKnownFileType = file.storyboard; name = Base; path = Base.lproj/LaunchScreen.storyboard; sourceTree = "<group>"; };
		E9D2D25E1BDF2B9C005C0C0F /* Info.plist */ = {isa = PBXFileReference; lastKnownFileType = text.plist.xml; path = Info.plist; sourceTree = "<group>"; };
		E9D2D2631BDF2B9C005C0C0F /* HBNetwork_DemoTests.xctest */ = {isa = PBXFileReference; explicitFileType = wrapper.cfbundle; includeInIndex = 0; path = HBNetwork_DemoTests.xctest; sourceTree = BUILT_PRODUCTS_DIR; };
		E9D2D2671BDF2B9C005C0C0F /* HBNetwork_DemoTests.m */ = {isa = PBXFileReference; lastKnownFileType = sourcecode.c.objc; path = HBNetwork_DemoTests.m; sourceTree = "<group>"; };
		E9D2D2691BDF2B9C005C0C0F /* Info.plist */ = {isa = PBXFileReference; lastKnownFileType = text.plist.xml; path = Info.plist; sourceTree = "<group>"; };
		E9D2D2731BDF413E005C0C0F /* HBNetworkConfig.h */ = {isa = PBXFileReference; fileEncoding = 4; lastKnownFileType = sourcecode.c.h; path = HBNetworkConfig.h; sourceTree = "<group>"; };
		E9D2D2741BDF413E005C0C0F /* HBNetworkConfig.m */ = {isa = PBXFileReference; fileEncoding = 4; lastKnownFileType = sourcecode.c.objc; path = HBNetworkConfig.m; sourceTree = "<group>"; };
		E9D2D2761BDF45F3005C0C0F /* HBNetworkQueue.h */ = {isa = PBXFileReference; fileEncoding = 4; lastKnownFileType = sourcecode.c.h; path = HBNetworkQueue.h; sourceTree = "<group>"; };
		E9D2D2771BDF45F3005C0C0F /* HBNetworkQueue.m */ = {isa = PBXFileReference; fileEncoding = 4; lastKnownFileType = sourcecode.c.objc; path = HBNetworkQueue.m; sourceTree = "<group>"; };
		E9D2D2791BDF462A005C0C0F /* HBNetworkRequest.h */ = {isa = PBXFileReference; fileEncoding = 4; lastKnownFileType = sourcecode.c.h; path = HBNetworkRequest.h; sourceTree = "<group>"; };
		E9D2D27A1BDF462A005C0C0F /* HBNetworkRequest.m */ = {isa = PBXFileReference; fileEncoding = 4; lastKnownFileType = sourcecode.c.objc; path = HBNetworkRequest.m; sourceTree = "<group>"; };
		E9D2D27C1BDF4649005C0C0F /* HBNetworkHelper.h */ = {isa = PBXFileReference; fileEncoding = 4; lastKnownFileType = sourcecode.c.h; path = HBNetworkHelper.h; sourceTree = "<group>"; };
		E9D2D27D1BDF4649005C0C0F /* HBNetworkHelper.m */ = {isa = PBXFileReference; fileEncoding = 4; lastKnownFileType = sourcecode.c.objc; path = HBNetworkHelper.m; sourceTree = "<group>"; };
		E9D2D27F1BDF4787005C0C0F /* HBNetworkResponse.h */ = {isa = PBXFileReference; fileEncoding = 4; lastKnownFileType = sourcecode.c.h; path = HBNetworkResponse.h; sourceTree = "<group>"; };
		E9D2D2801BDF4787005C0C0F /* HBNetworkResponse.m */ = {isa = PBXFileReference; fileEncoding = 4; lastKnownFileType = sourcecode.c.objc; path = HBNetworkResponse.m; sourceTree = "<group>"; };
		E9D2D2821BDF4884005C0C0F /* NSData+HBNetwork.h */ = {isa = PBXFileReference; fileEncoding = 4; lastKnownFileType = sourcecode.c.h; path = "NSData+HBNetwork.h"; sourceTree = "<group>"; };
		E9D2D2831BDF4884005C0C0F /* NSData+HBNetwork.m */ = {isa = PBXFileReference; fileEncoding = 4; lastKnownFileType = sourcecode.c.objc; path = "NSData+HBNetwork.m"; sourceTree = "<group>"; };
		E9D2D2851BDF48EB005C0C0F /* NSObject+HBNetwork.h */ = {isa = PBXFileReference; fileEncoding = 4; lastKnownFileType = sourcecode.c.h; path = "NSObject+HBNetwork.h"; sourceTree = "<group>"; };
		E9D2D2861BDF48EB005C0C0F /* NSObject+HBNetwork.m */ = {isa = PBXFileReference; fileEncoding = 4; lastKnownFileType = sourcecode.c.objc; path = "NSObject+HBNetwork.m"; sourceTree = "<group>"; };
		E9D2D2881BDF4901005C0C0F /* NSString+NBNetwork.h */ = {isa = PBXFileReference; fileEncoding = 4; lastKnownFileType = sourcecode.c.h; path = "NSString+NBNetwork.h"; sourceTree = "<group>"; };
		E9D2D2891BDF4901005C0C0F /* NSString+NBNetwork.m */ = {isa = PBXFileReference; fileEncoding = 4; lastKnownFileType = sourcecode.c.objc; path = "NSString+NBNetwork.m"; sourceTree = "<group>"; };
		E9D2D28B1BDF4A11005C0C0F /* UIApplication+HBNetwork.h */ = {isa = PBXFileReference; fileEncoding = 4; lastKnownFileType = sourcecode.c.h; path = "UIApplication+HBNetwork.h"; sourceTree = "<group>"; };
		E9D2D28C1BDF4A11005C0C0F /* UIApplication+HBNetwork.m */ = {isa = PBXFileReference; fileEncoding = 4; lastKnownFileType = sourcecode.c.objc; path = "UIApplication+HBNetwork.m"; sourceTree = "<group>"; };
		E9D2D28F1BDF4A3E005C0C0F /* AFHTTPRequestOperation.h */ = {isa = PBXFileReference; fileEncoding = 4; lastKnownFileType = sourcecode.c.h; path = AFHTTPRequestOperation.h; sourceTree = "<group>"; };
		E9D2D2901BDF4A3E005C0C0F /* AFHTTPRequestOperation.m */ = {isa = PBXFileReference; fileEncoding = 4; lastKnownFileType = sourcecode.c.objc; path = AFHTTPRequestOperation.m; sourceTree = "<group>"; };
		E9D2D2911BDF4A3E005C0C0F /* AFHTTPRequestOperationManager.h */ = {isa = PBXFileReference; fileEncoding = 4; lastKnownFileType = sourcecode.c.h; path = AFHTTPRequestOperationManager.h; sourceTree = "<group>"; };
		E9D2D2921BDF4A3E005C0C0F /* AFHTTPRequestOperationManager.m */ = {isa = PBXFileReference; fileEncoding = 4; lastKnownFileType = sourcecode.c.objc; path = AFHTTPRequestOperationManager.m; sourceTree = "<group>"; };
		E9D2D2931BDF4A3E005C0C0F /* AFHTTPSessionManager.h */ = {isa = PBXFileReference; fileEncoding = 4; lastKnownFileType = sourcecode.c.h; path = AFHTTPSessionManager.h; sourceTree = "<group>"; };
		E9D2D2941BDF4A3E005C0C0F /* AFHTTPSessionManager.m */ = {isa = PBXFileReference; fileEncoding = 4; lastKnownFileType = sourcecode.c.objc; path = AFHTTPSessionManager.m; sourceTree = "<group>"; };
		E9D2D2951BDF4A3E005C0C0F /* AFNetworking.h */ = {isa = PBXFileReference; fileEncoding = 4; lastKnownFileType = sourcecode.c.h; path = AFNetworking.h; sourceTree = "<group>"; };
		E9D2D2961BDF4A3E005C0C0F /* AFNetworkReachabilityManager.h */ = {isa = PBXFileReference; fileEncoding = 4; lastKnownFileType = sourcecode.c.h; path = AFNetworkReachabilityManager.h; sourceTree = "<group>"; };
		E9D2D2971BDF4A3E005C0C0F /* AFNetworkReachabilityManager.m */ = {isa = PBXFileReference; fileEncoding = 4; lastKnownFileType = sourcecode.c.objc; path = AFNetworkReachabilityManager.m; sourceTree = "<group>"; };
		E9D2D2981BDF4A3E005C0C0F /* AFSecurityPolicy.h */ = {isa = PBXFileReference; fileEncoding = 4; lastKnownFileType = sourcecode.c.h; path = AFSecurityPolicy.h; sourceTree = "<group>"; };
		E9D2D2991BDF4A3E005C0C0F /* AFSecurityPolicy.m */ = {isa = PBXFileReference; fileEncoding = 4; lastKnownFileType = sourcecode.c.objc; path = AFSecurityPolicy.m; sourceTree = "<group>"; };
		E9D2D29A1BDF4A3E005C0C0F /* AFURLConnectionOperation.h */ = {isa = PBXFileReference; fileEncoding = 4; lastKnownFileType = sourcecode.c.h; path = AFURLConnectionOperation.h; sourceTree = "<group>"; };
		E9D2D29B1BDF4A3E005C0C0F /* AFURLConnectionOperation.m */ = {isa = PBXFileReference; fileEncoding = 4; lastKnownFileType = sourcecode.c.objc; path = AFURLConnectionOperation.m; sourceTree = "<group>"; };
		E9D2D29C1BDF4A3E005C0C0F /* AFURLRequestSerialization.h */ = {isa = PBXFileReference; fileEncoding = 4; lastKnownFileType = sourcecode.c.h; path = AFURLRequestSerialization.h; sourceTree = "<group>"; };
		E9D2D29D1BDF4A3E005C0C0F /* AFURLRequestSerialization.m */ = {isa = PBXFileReference; fileEncoding = 4; lastKnownFileType = sourcecode.c.objc; path = AFURLRequestSerialization.m; sourceTree = "<group>"; };
		E9D2D29E1BDF4A3E005C0C0F /* AFURLResponseSerialization.h */ = {isa = PBXFileReference; fileEncoding = 4; lastKnownFileType = sourcecode.c.h; path = AFURLResponseSerialization.h; sourceTree = "<group>"; };
		E9D2D29F1BDF4A3E005C0C0F /* AFURLResponseSerialization.m */ = {isa = PBXFileReference; fileEncoding = 4; lastKnownFileType = sourcecode.c.objc; path = AFURLResponseSerialization.m; sourceTree = "<group>"; };
		E9D2D2A01BDF4A3E005C0C0F /* AFURLSessionManager.h */ = {isa = PBXFileReference; fileEncoding = 4; lastKnownFileType = sourcecode.c.h; path = AFURLSessionManager.h; sourceTree = "<group>"; };
		E9D2D2A11BDF4A3E005C0C0F /* AFURLSessionManager.m */ = {isa = PBXFileReference; fileEncoding = 4; lastKnownFileType = sourcecode.c.objc; path = AFURLSessionManager.m; sourceTree = "<group>"; };
/* End PBXFileReference section */

/* Begin PBXFrameworksBuildPhase section */
		E9D2D2471BDF2B9C005C0C0F /* Frameworks */ = {
			isa = PBXFrameworksBuildPhase;
			buildActionMask = 2147483647;
			files = (
			);
			runOnlyForDeploymentPostprocessing = 0;
		};
		E9D2D2601BDF2B9C005C0C0F /* Frameworks */ = {
			isa = PBXFrameworksBuildPhase;
			buildActionMask = 2147483647;
			files = (
			);
			runOnlyForDeploymentPostprocessing = 0;
		};
/* End PBXFrameworksBuildPhase section */

/* Begin PBXGroup section */
		E9D2D2411BDF2B9C005C0C0F = {
			isa = PBXGroup;
			children = (
				E9D2D24C1BDF2B9C005C0C0F /* HBNetwork_Demo */,
				E9D2D2661BDF2B9C005C0C0F /* HBNetwork_DemoTests */,
				E9D2D24B1BDF2B9C005C0C0F /* Products */,
			);
			sourceTree = "<group>";
		};
		E9D2D24B1BDF2B9C005C0C0F /* Products */ = {
			isa = PBXGroup;
			children = (
				E9D2D24A1BDF2B9C005C0C0F /* HBNetwork_Demo.app */,
				E9D2D2631BDF2B9C005C0C0F /* HBNetwork_DemoTests.xctest */,
			);
			name = Products;
			sourceTree = "<group>";
		};
		E9D2D24C1BDF2B9C005C0C0F /* HBNetwork_Demo */ = {
			isa = PBXGroup;
			children = (
				E9D2D2721BDF3D73005C0C0F /* HBNetwork */,
				E9D2D2501BDF2B9C005C0C0F /* AppDelegate.h */,
				E9D2D2511BDF2B9C005C0C0F /* AppDelegate.m */,
				E9D2D2531BDF2B9C005C0C0F /* ViewController.h */,
				E9D2D2541BDF2B9C005C0C0F /* ViewController.m */,
				E9D2D2561BDF2B9C005C0C0F /* Main.storyboard */,
				E9D2D2591BDF2B9C005C0C0F /* Assets.xcassets */,
				E9D2D25B1BDF2B9C005C0C0F /* LaunchScreen.storyboard */,
				E9D2D25E1BDF2B9C005C0C0F /* Info.plist */,
				E9D2D24D1BDF2B9C005C0C0F /* Supporting Files */,
			);
			path = HBNetwork_Demo;
			sourceTree = "<group>";
		};
		E9D2D24D1BDF2B9C005C0C0F /* Supporting Files */ = {
			isa = PBXGroup;
			children = (
				E9D2D24E1BDF2B9C005C0C0F /* main.m */,
			);
			name = "Supporting Files";
			sourceTree = "<group>";
		};
		E9D2D2661BDF2B9C005C0C0F /* HBNetwork_DemoTests */ = {
			isa = PBXGroup;
			children = (
				E9D2D2671BDF2B9C005C0C0F /* HBNetwork_DemoTests.m */,
				E9D2D2691BDF2B9C005C0C0F /* Info.plist */,
			);
			path = HBNetwork_DemoTests;
			sourceTree = "<group>";
		};
		E9D2D2721BDF3D73005C0C0F /* HBNetwork */ = {
			isa = PBXGroup;
			children = (
				E9D2D28E1BDF4A3E005C0C0F /* AFNetworking2.6.1 */,
				E9D2D27C1BDF4649005C0C0F /* HBNetworkHelper.h */,
				E9D2D27D1BDF4649005C0C0F /* HBNetworkHelper.m */,
				E9D2D2731BDF413E005C0C0F /* HBNetworkConfig.h */,
				E9D2D2741BDF413E005C0C0F /* HBNetworkConfig.m */,
				E9D2D2761BDF45F3005C0C0F /* HBNetworkQueue.h */,
				E9D2D2771BDF45F3005C0C0F /* HBNetworkQueue.m */,
				E9D2D2791BDF462A005C0C0F /* HBNetworkRequest.h */,
				E9D2D27A1BDF462A005C0C0F /* HBNetworkRequest.m */,
				E9D2D27F1BDF4787005C0C0F /* HBNetworkResponse.h */,
				E9D2D2801BDF4787005C0C0F /* HBNetworkResponse.m */,
				E9D2D2821BDF4884005C0C0F /* NSData+HBNetwork.h */,
				E9D2D2831BDF4884005C0C0F /* NSData+HBNetwork.m */,
				E9D2D2851BDF48EB005C0C0F /* NSObject+HBNetwork.h */,
				E9D2D2861BDF48EB005C0C0F /* NSObject+HBNetwork.m */,
				E9D2D2881BDF4901005C0C0F /* NSString+NBNetwork.h */,
				E9D2D2891BDF4901005C0C0F /* NSString+NBNetwork.m */,
				E9D2D28B1BDF4A11005C0C0F /* UIApplication+HBNetwork.h */,
				E9D2D28C1BDF4A11005C0C0F /* UIApplication+HBNetwork.m */,
			);
			path = HBNetwork;
			sourceTree = "<group>";
		};
		E9D2D28E1BDF4A3E005C0C0F /* AFNetworking2.6.1 */ = {
			isa = PBXGroup;
			children = (
				E9D2D28F1BDF4A3E005C0C0F /* AFHTTPRequestOperation.h */,
				E9D2D2901BDF4A3E005C0C0F /* AFHTTPRequestOperation.m */,
				E9D2D2911BDF4A3E005C0C0F /* AFHTTPRequestOperationManager.h */,
				E9D2D2921BDF4A3E005C0C0F /* AFHTTPRequestOperationManager.m */,
				E9D2D2931BDF4A3E005C0C0F /* AFHTTPSessionManager.h */,
				E9D2D2941BDF4A3E005C0C0F /* AFHTTPSessionManager.m */,
				E9D2D2951BDF4A3E005C0C0F /* AFNetworking.h */,
				E9D2D2961BDF4A3E005C0C0F /* AFNetworkReachabilityManager.h */,
				E9D2D2971BDF4A3E005C0C0F /* AFNetworkReachabilityManager.m */,
				E9D2D2981BDF4A3E005C0C0F /* AFSecurityPolicy.h */,
				E9D2D2991BDF4A3E005C0C0F /* AFSecurityPolicy.m */,
				E9D2D29A1BDF4A3E005C0C0F /* AFURLConnectionOperation.h */,
				E9D2D29B1BDF4A3E005C0C0F /* AFURLConnectionOperation.m */,
				E9D2D29C1BDF4A3E005C0C0F /* AFURLRequestSerialization.h */,
				E9D2D29D1BDF4A3E005C0C0F /* AFURLRequestSerialization.m */,
				E9D2D29E1BDF4A3E005C0C0F /* AFURLResponseSerialization.h */,
				E9D2D29F1BDF4A3E005C0C0F /* AFURLResponseSerialization.m */,
				E9D2D2A01BDF4A3E005C0C0F /* AFURLSessionManager.h */,
				E9D2D2A11BDF4A3E005C0C0F /* AFURLSessionManager.m */,
			);
			path = AFNetworking2.6.1;
			sourceTree = "<group>";
		};
/* End PBXGroup section */

/* Begin PBXNativeTarget section */
		E9D2D2491BDF2B9C005C0C0F /* HBNetwork_Demo */ = {
			isa = PBXNativeTarget;
			buildConfigurationList = E9D2D26C1BDF2B9C005C0C0F /* Build configuration list for PBXNativeTarget "HBNetwork_Demo" */;
			buildPhases = (
				E9D2D2461BDF2B9C005C0C0F /* Sources */,
				E9D2D2471BDF2B9C005C0C0F /* Frameworks */,
				E9D2D2481BDF2B9C005C0C0F /* Resources */,
			);
			buildRules = (
			);
			dependencies = (
			);
			name = HBNetwork_Demo;
			productName = HBNetwork_Demo;
			productReference = E9D2D24A1BDF2B9C005C0C0F /* HBNetwork_Demo.app */;
			productType = "com.apple.product-type.application";
		};
		E9D2D2621BDF2B9C005C0C0F /* HBNetwork_DemoTests */ = {
			isa = PBXNativeTarget;
			buildConfigurationList = E9D2D26F1BDF2B9C005C0C0F /* Build configuration list for PBXNativeTarget "HBNetwork_DemoTests" */;
			buildPhases = (
				E9D2D25F1BDF2B9C005C0C0F /* Sources */,
				E9D2D2601BDF2B9C005C0C0F /* Frameworks */,
				E9D2D2611BDF2B9C005C0C0F /* Resources */,
			);
			buildRules = (
			);
			dependencies = (
				E9D2D2651BDF2B9C005C0C0F /* PBXTargetDependency */,
			);
			name = HBNetwork_DemoTests;
			productName = HBNetwork_DemoTests;
			productReference = E9D2D2631BDF2B9C005C0C0F /* HBNetwork_DemoTests.xctest */;
			productType = "com.apple.product-type.bundle.unit-test";
		};
/* End PBXNativeTarget section */

/* Begin PBXProject section */
		E9D2D2421BDF2B9C005C0C0F /* Project object */ = {
			isa = PBXProject;
			attributes = {
				LastUpgradeCheck = 0700;
				ORGANIZATIONNAME = AlanWong;
				TargetAttributes = {
					E9D2D2491BDF2B9C005C0C0F = {
						CreatedOnToolsVersion = 7.0.1;
					};
					E9D2D2621BDF2B9C005C0C0F = {
						CreatedOnToolsVersion = 7.0.1;
						TestTargetID = E9D2D2491BDF2B9C005C0C0F;
					};
				};
			};
			buildConfigurationList = E9D2D2451BDF2B9C005C0C0F /* Build configuration list for PBXProject "HBNetwork_Demo" */;
			compatibilityVersion = "Xcode 3.2";
			developmentRegion = English;
			hasScannedForEncodings = 0;
			knownRegions = (
				en,
				Base,
			);
			mainGroup = E9D2D2411BDF2B9C005C0C0F;
			productRefGroup = E9D2D24B1BDF2B9C005C0C0F /* Products */;
			projectDirPath = "";
			projectRoot = "";
			targets = (
				E9D2D2491BDF2B9C005C0C0F /* HBNetwork_Demo */,
				E9D2D2621BDF2B9C005C0C0F /* HBNetwork_DemoTests */,
			);
		};
/* End PBXProject section */

/* Begin PBXResourcesBuildPhase section */
		E9D2D2481BDF2B9C005C0C0F /* Resources */ = {
			isa = PBXResourcesBuildPhase;
			buildActionMask = 2147483647;
			files = (
				E9D2D25D1BDF2B9C005C0C0F /* LaunchScreen.storyboard in Resources */,
				E9D2D25A1BDF2B9C005C0C0F /* Assets.xcassets in Resources */,
				E9D2D2581BDF2B9C005C0C0F /* Main.storyboard in Resources */,
			);
			runOnlyForDeploymentPostprocessing = 0;
		};
		E9D2D2611BDF2B9C005C0C0F /* Resources */ = {
			isa = PBXResourcesBuildPhase;
			buildActionMask = 2147483647;
			files = (
			);
			runOnlyForDeploymentPostprocessing = 0;
		};
/* End PBXResourcesBuildPhase section */

/* Begin PBXSourcesBuildPhase section */
		E9D2D2461BDF2B9C005C0C0F /* Sources */ = {
			isa = PBXSourcesBuildPhase;
			buildActionMask = 2147483647;
			files = (
				E9D2D2A21BDF4A3E005C0C0F /* AFHTTPRequestOperation.m in Sources */,
				E9D2D27B1BDF462A005C0C0F /* HBNetworkRequest.m in Sources */,
				E9D2D28D1BDF4A11005C0C0F /* UIApplication+HBNetwork.m in Sources */,
				E9D2D2AA1BDF4A3E005C0C0F /* AFURLSessionManager.m in Sources */,
				E9D2D2811BDF4787005C0C0F /* HBNetworkResponse.m in Sources */,
				E9D2D2A71BDF4A3E005C0C0F /* AFURLConnectionOperation.m in Sources */,
				E9D2D2A31BDF4A3E005C0C0F /* AFHTTPRequestOperationManager.m in Sources */,
				E9D2D2871BDF48EB005C0C0F /* NSObject+HBNetwork.m in Sources */,
				E9D2D2A51BDF4A3E005C0C0F /* AFNetworkReachabilityManager.m in Sources */,
				E9D2D2551BDF2B9C005C0C0F /* ViewController.m in Sources */,
				E9D2D2781BDF45F3005C0C0F /* HBNetworkQueue.m in Sources */,
				E9D2D2A61BDF4A3E005C0C0F /* AFSecurityPolicy.m in Sources */,
				E9D2D2841BDF4884005C0C0F /* NSData+HBNetwork.m in Sources */,
				E9D2D2A81BDF4A3E005C0C0F /* AFURLRequestSerialization.m in Sources */,
				E9D2D2521BDF2B9C005C0C0F /* AppDelegate.m in Sources */,
				E9D2D2A91BDF4A3E005C0C0F /* AFURLResponseSerialization.m in Sources */,
				E9D2D27E1BDF4649005C0C0F /* HBNetworkHelper.m in Sources */,
				E9D2D28A1BDF4901005C0C0F /* NSString+NBNetwork.m in Sources */,
				E9D2D2A41BDF4A3E005C0C0F /* AFHTTPSessionManager.m in Sources */,
				E9D2D2751BDF413E005C0C0F /* HBNetworkConfig.m in Sources */,
				E9D2D24F1BDF2B9C005C0C0F /* main.m in Sources */,
			);
			runOnlyForDeploymentPostprocessing = 0;
		};
		E9D2D25F1BDF2B9C005C0C0F /* Sources */ = {
			isa = PBXSourcesBuildPhase;
			buildActionMask = 2147483647;
			files = (
				E9D2D2681BDF2B9C005C0C0F /* HBNetwork_DemoTests.m in Sources */,
			);
			runOnlyForDeploymentPostprocessing = 0;
		};
/* End PBXSourcesBuildPhase section */

/* Begin PBXTargetDependency section */
		E9D2D2651BDF2B9C005C0C0F /* PBXTargetDependency */ = {
			isa = PBXTargetDependency;
			target = E9D2D2491BDF2B9C005C0C0F /* HBNetwork_Demo */;
			targetProxy = E9D2D2641BDF2B9C005C0C0F /* PBXContainerItemProxy */;
		};
/* End PBXTargetDependency section */

/* Begin PBXVariantGroup section */
		E9D2D2561BDF2B9C005C0C0F /* Main.storyboard */ = {
			isa = PBXVariantGroup;
			children = (
				E9D2D2571BDF2B9C005C0C0F /* Base */,
			);
			name = Main.storyboard;
			sourceTree = "<group>";
		};
		E9D2D25B1BDF2B9C005C0C0F /* LaunchScreen.storyboard */ = {
			isa = PBXVariantGroup;
			children = (
				E9D2D25C1BDF2B9C005C0C0F /* Base */,
			);
			name = LaunchScreen.storyboard;
			sourceTree = "<group>";
		};
/* End PBXVariantGroup section */

/* Begin XCBuildConfiguration section */
		E9D2D26A1BDF2B9C005C0C0F /* Debug */ = {
			isa = XCBuildConfiguration;
			buildSettings = {
				ALWAYS_SEARCH_USER_PATHS = NO;
				CLANG_CXX_LANGUAGE_STANDARD = "gnu++0x";
				CLANG_CXX_LIBRARY = "libc++";
				CLANG_ENABLE_MODULES = YES;
				CLANG_ENABLE_OBJC_ARC = YES;
				CLANG_WARN_BOOL_CONVERSION = YES;
				CLANG_WARN_CONSTANT_CONVERSION = YES;
				CLANG_WARN_DIRECT_OBJC_ISA_USAGE = YES_ERROR;
				CLANG_WARN_EMPTY_BODY = YES;
				CLANG_WARN_ENUM_CONVERSION = YES;
				CLANG_WARN_INT_CONVERSION = YES;
				CLANG_WARN_OBJC_ROOT_CLASS = YES_ERROR;
				CLANG_WARN_UNREACHABLE_CODE = YES;
				CLANG_WARN__DUPLICATE_METHOD_MATCH = YES;
				"CODE_SIGN_IDENTITY[sdk=iphoneos*]" = "iPhone Developer";
				COPY_PHASE_STRIP = NO;
				DEBUG_INFORMATION_FORMAT = dwarf;
				ENABLE_STRICT_OBJC_MSGSEND = YES;
				ENABLE_TESTABILITY = YES;
				GCC_C_LANGUAGE_STANDARD = gnu99;
				GCC_DYNAMIC_NO_PIC = NO;
				GCC_NO_COMMON_BLOCKS = YES;
				GCC_OPTIMIZATION_LEVEL = 0;
				GCC_PREPROCESSOR_DEFINITIONS = (
					"DEBUG=1",
					"$(inherited)",
				);
				GCC_WARN_64_TO_32_BIT_CONVERSION = YES;
				GCC_WARN_ABOUT_RETURN_TYPE = YES_ERROR;
				GCC_WARN_UNDECLARED_SELECTOR = YES;
				GCC_WARN_UNINITIALIZED_AUTOS = YES_AGGRESSIVE;
				GCC_WARN_UNUSED_FUNCTION = YES;
				GCC_WARN_UNUSED_VARIABLE = YES;
				IPHONEOS_DEPLOYMENT_TARGET = 9.0;
				MTL_ENABLE_DEBUG_INFO = YES;
				ONLY_ACTIVE_ARCH = YES;
				SDKROOT = iphoneos;
				TARGETED_DEVICE_FAMILY = "1,2";
			};
			name = Debug;
		};
		E9D2D26B1BDF2B9C005C0C0F /* Release */ = {
			isa = XCBuildConfiguration;
			buildSettings = {
				ALWAYS_SEARCH_USER_PATHS = NO;
				CLANG_CXX_LANGUAGE_STANDARD = "gnu++0x";
				CLANG_CXX_LIBRARY = "libc++";
				CLANG_ENABLE_MODULES = YES;
				CLANG_ENABLE_OBJC_ARC = YES;
				CLANG_WARN_BOOL_CONVERSION = YES;
				CLANG_WARN_CONSTANT_CONVERSION = YES;
				CLANG_WARN_DIRECT_OBJC_ISA_USAGE = YES_ERROR;
				CLANG_WARN_EMPTY_BODY = YES;
				CLANG_WARN_ENUM_CONVERSION = YES;
				CLANG_WARN_INT_CONVERSION = YES;
				CLANG_WARN_OBJC_ROOT_CLASS = YES_ERROR;
				CLANG_WARN_UNREACHABLE_CODE = YES;
				CLANG_WARN__DUPLICATE_METHOD_MATCH = YES;
				"CODE_SIGN_IDENTITY[sdk=iphoneos*]" = "iPhone Developer";
				COPY_PHASE_STRIP = NO;
				DEBUG_INFORMATION_FORMAT = "dwarf-with-dsym";
				ENABLE_NS_ASSERTIONS = NO;
				ENABLE_STRICT_OBJC_MSGSEND = YES;
				GCC_C_LANGUAGE_STANDARD = gnu99;
				GCC_NO_COMMON_BLOCKS = YES;
				GCC_WARN_64_TO_32_BIT_CONVERSION = YES;
				GCC_WARN_ABOUT_RETURN_TYPE = YES_ERROR;
				GCC_WARN_UNDECLARED_SELECTOR = YES;
				GCC_WARN_UNINITIALIZED_AUTOS = YES_AGGRESSIVE;
				GCC_WARN_UNUSED_FUNCTION = YES;
				GCC_WARN_UNUSED_VARIABLE = YES;
				IPHONEOS_DEPLOYMENT_TARGET = 9.0;
				MTL_ENABLE_DEBUG_INFO = NO;
				SDKROOT = iphoneos;
				TARGETED_DEVICE_FAMILY = "1,2";
				VALIDATE_PRODUCT = YES;
			};
			name = Release;
		};
		E9D2D26D1BDF2B9C005C0C0F /* Debug */ = {
			isa = XCBuildConfiguration;
			buildSettings = {
				ASSETCATALOG_COMPILER_APPICON_NAME = AppIcon;
				INFOPLIST_FILE = HBNetwork_Demo/Info.plist;
				LD_RUNPATH_SEARCH_PATHS = "$(inherited) @executable_path/Frameworks";
				PRODUCT_BUNDLE_IDENTIFIER = "HeBao.HBNetwork-Demo";
				PRODUCT_NAME = "$(TARGET_NAME)";
			};
			name = Debug;
		};
		E9D2D26E1BDF2B9C005C0C0F /* Release */ = {
			isa = XCBuildConfiguration;
			buildSettings = {
				ASSETCATALOG_COMPILER_APPICON_NAME = AppIcon;
				INFOPLIST_FILE = HBNetwork_Demo/Info.plist;
				LD_RUNPATH_SEARCH_PATHS = "$(inherited) @executable_path/Frameworks";
				PRODUCT_BUNDLE_IDENTIFIER = "HeBao.HBNetwork-Demo";
				PRODUCT_NAME = "$(TARGET_NAME)";
			};
			name = Release;
		};
		E9D2D2701BDF2B9C005C0C0F /* Debug */ = {
			isa = XCBuildConfiguration;
			buildSettings = {
				BUNDLE_LOADER = "$(TEST_HOST)";
				INFOPLIST_FILE = HBNetwork_DemoTests/Info.plist;
				LD_RUNPATH_SEARCH_PATHS = "$(inherited) @executable_path/Frameworks @loader_path/Frameworks";
				PRODUCT_BUNDLE_IDENTIFIER = "HeBao.HBNetwork-DemoTests";
				PRODUCT_NAME = "$(TARGET_NAME)";
				TEST_HOST = "$(BUILT_PRODUCTS_DIR)/HBNetwork_Demo.app/HBNetwork_Demo";
			};
			name = Debug;
		};
		E9D2D2711BDF2B9C005C0C0F /* Release */ = {
			isa = XCBuildConfiguration;
			buildSettings = {
				BUNDLE_LOADER = "$(TEST_HOST)";
				INFOPLIST_FILE = HBNetwork_DemoTests/Info.plist;
				LD_RUNPATH_SEARCH_PATHS = "$(inherited) @executable_path/Frameworks @loader_path/Frameworks";
				PRODUCT_BUNDLE_IDENTIFIER = "HeBao.HBNetwork-DemoTests";
				PRODUCT_NAME = "$(TARGET_NAME)";
				TEST_HOST = "$(BUILT_PRODUCTS_DIR)/HBNetwork_Demo.app/HBNetwork_Demo";
			};
			name = Release;
		};
/* End XCBuildConfiguration section */

/* Begin XCConfigurationList section */
		E9D2D2451BDF2B9C005C0C0F /* Build configuration list for PBXProject "HBNetwork_Demo" */ = {
			isa = XCConfigurationList;
			buildConfigurations = (
				E9D2D26A1BDF2B9C005C0C0F /* Debug */,
				E9D2D26B1BDF2B9C005C0C0F /* Release */,
			);
			defaultConfigurationIsVisible = 0;
			defaultConfigurationName = Release;
		};
		E9D2D26C1BDF2B9C005C0C0F /* Build configuration list for PBXNativeTarget "HBNetwork_Demo" */ = {
			isa = XCConfigurationList;
			buildConfigurations = (
				E9D2D26D1BDF2B9C005C0C0F /* Debug */,
				E9D2D26E1BDF2B9C005C0C0F /* Release */,
			);
			defaultConfigurationIsVisible = 0;
			defaultConfigurationName = Release;
		};
		E9D2D26F1BDF2B9C005C0C0F /* Build configuration list for PBXNativeTarget "HBNetwork_DemoTests" */ = {
			isa = XCConfigurationList;
			buildConfigurations = (
				E9D2D2701BDF2B9C005C0C0F /* Debug */,
				E9D2D2711BDF2B9C005C0C0F /* Release */,
			);
			defaultConfigurationIsVisible = 0;
			defaultConfigurationName = Release;
		};
/* End XCConfigurationList section */
	};
	rootObject = E9D2D2421BDF2B9C005C0C0F /* Project object */;
}
